version: 7
platforms:
- name: linux-64
- name: osx-arm64
environments:
  default:
    channels:
    - url: https://conda.anaconda.org/conda-forge/
    - url: https://conda.anaconda.org/bioconda/
    packages:
      linux-64:
      - conda: https://conda.anaconda.org/bioconda/linux-64/bcftools-1.23.1-hb2cee57_0.conda
      - conda: https://conda.anaconda.org/bioconda/linux-64/htslib-1.23.1-h633afcb_0.conda
      - conda: https://conda.anaconda.org/bioconda/linux-64/samtools-1.23.1-ha83d96e_0.conda
      - conda: https://conda.anaconda.org/conda-forge/linux-64/_openmp_mutex-4.5-20_gnu.conda
      - conda: https://conda.anaconda.org/conda-forge/linux-64/bzip2-1.0.8-hda65f42_9.conda
      - conda: https://conda.anaconda.org/conda-forge/linux-64/c-ares-1.34.6-hb03c661_0.conda
      - conda: https://conda.anaconda.org/conda-forge/linux-64/gsl-2.7-he838d99_0.tar.bz2
      - conda: https://conda.anaconda.org/conda-forge/linux-64/keyutils-1.6.3-hb9d3cd8_0.conda
      - conda: https://conda.anaconda.org/conda-forge/linux-64/krb5-1.22.2-ha1258a1_0.conda
      - conda: https://conda.anaconda.org/conda-forge/linux-64/libblas-3.11.0-8_h4a7cf45_openblas.conda
      - conda: https://conda.anaconda.org/conda-forge/linux-64/libcblas-3.11.0-8_h0358290_openblas.conda
      - conda: https://conda.anaconda.org/conda-forge/linux-64/libcurl-8.20.0-hcf29cc6_0.conda
      - conda: https://conda.anaconda.org/conda-forge/linux-64/libdeflate-1.25-h17f619e_0.conda
      - conda: https://conda.anaconda.org/conda-forge/linux-64/libedit-3.1.20250104-pl5321h7949ede_0.conda
      - conda: https://conda.anaconda.org/conda-forge/linux-64/libev-4.33-hd590300_2.conda
      - conda: https://conda.anaconda.org/conda-forge/linux-64/libgcc-15.2.0-he0feb66_19.conda
      - conda: https://conda.anaconda.org/conda-forge/linux-64/libgcc-ng-15.2.0-h69a702a_19.conda
      - conda: https://conda.anaconda.org/conda-forge/linux-64/libgfortran-15.2.0-h69a702a_19.conda
      - conda: https://conda.anaconda.org/conda-forge/linux-64/libgfortran5-15.2.0-h68bc16d_19.conda
      - conda: https://conda.anaconda.org/conda-forge/linux-64/libgomp-15.2.0-he0feb66_19.conda
      - conda: https://conda.anaconda.org/conda-forge/linux-64/liblzma-5.8.3-hb03c661_0.conda
      - conda: https://conda.anaconda.org/conda-forge/linux-64/libnghttp2-1.68.1-h877daf1_0.conda
      - conda: https://conda.anaconda.org/conda-forge/linux-64/libopenblas-0.3.33-pthreads_h94d23a6_0.conda
      - conda: https://conda.anaconda.org/conda-forge/linux-64/libssh2-1.11.1-hcf80075_0.conda
      - conda: https://conda.anaconda.org/conda-forge/linux-64/libstdcxx-15.2.0-h934c35e_19.conda
      - conda: https://conda.anaconda.org/conda-forge/linux-64/libxcrypt-4.4.36-hd590300_1.conda
      - conda: https://conda.anaconda.org/conda-forge/linux-64/libzlib-1.3.2-h25fd6f3_2.conda
      - conda: https://conda.anaconda.org/conda-forge/linux-64/ncurses-6.6-hdb14827_0.conda
      - conda: https://conda.anaconda.org/conda-forge/linux-64/openssl-3.6.3-h35e630c_0.conda
      - conda: https://conda.anaconda.org/conda-forge/linux-64/perl-5.32.1-7_hd590300_perl5.conda
      - conda: https://conda.anaconda.org/conda-forge/linux-64/zstd-1.5.7-hb78ec9c_6.conda
      - conda: https://conda.anaconda.org/conda-forge/noarch/ca-certificates-2026.5.20-hbd8a1cb_0.conda
      osx-arm64:
      - conda: https://conda.anaconda.org/bioconda/osx-arm64/bcftools-1.23.1-h0ba0a6f_0.conda
      - conda: https://conda.anaconda.org/bioconda/osx-arm64/htslib-1.23.1-h44a9eb5_0.conda
      - conda: https://conda.anaconda.org/bioconda/osx-arm64/samtools-1.23.1-hc612e98_0.conda
      - conda: https://conda.anaconda.org/conda-forge/noarch/ca-certificates-2026.5.20-hbd8a1cb_0.conda
      - conda: https://conda.anaconda.org/conda-forge/osx-arm64/_openmp_mutex-4.5-7_kmp_llvm.conda
      - conda: https://conda.anaconda.org/conda-forge/osx-arm64/bzip2-1.0.8-hd037594_9.conda
      - conda: https://conda.anaconda.org/conda-forge/osx-arm64/c-ares-1.34.6-hc919400_0.conda
      - conda: https://conda.anaconda.org/conda-forge/osx-arm64/gsl-2.7-h6e638da_0.tar.bz2
      - conda: https://conda.anaconda.org/conda-forge/osx-arm64/krb5-1.22.2-h385eeb1_0.conda
      - conda: https://conda.anaconda.org/conda-forge/osx-arm64/libblas-3.11.0-8_h51639a9_openblas.conda
      - conda: https://conda.anaconda.org/conda-forge/osx-arm64/libcblas-3.11.0-8_hb0561ab_openblas.conda
      - conda: https://conda.anaconda.org/conda-forge/osx-arm64/libcurl-8.20.0-hd5a2499_0.conda
      - conda: https://conda.anaconda.org/conda-forge/osx-arm64/libcxx-22.1.7-h55c6f16_0.conda
      - conda: https://conda.anaconda.org/conda-forge/osx-arm64/libdeflate-1.25-hc11a715_0.conda
      - conda: https://conda.anaconda.org/conda-forge/osx-arm64/libedit-3.1.20250104-pl5321hafb1f1b_0.conda
      - conda: https://conda.anaconda.org/conda-forge/osx-arm64/libev-4.33-h93a5062_2.conda
      - conda: https://conda.anaconda.org/conda-forge/osx-arm64/libgcc-15.2.0-hcbb3090_19.conda
      - conda: https://conda.anaconda.org/conda-forge/osx-arm64/libgfortran-15.2.0-h07b0088_19.conda
      - conda: https://conda.anaconda.org/conda-forge/osx-arm64/libgfortran5-15.2.0-hdae7583_19.conda
      - conda: https://conda.anaconda.org/conda-forge/osx-arm64/liblzma-5.8.3-h8088a28_0.conda
      - conda: https://conda.anaconda.org/conda-forge/osx-arm64/libnghttp2-1.68.1-h8f3e76b_0.conda
      - conda: https://conda.anaconda.org/conda-forge/osx-arm64/libopenblas-0.3.33-openmp_he657e61_0.conda
      - conda: https://conda.anaconda.org/conda-forge/osx-arm64/libssh2-1.11.1-h1590b86_0.conda
      - conda: https://conda.anaconda.org/conda-forge/osx-arm64/libzlib-1.3.2-h8088a28_2.conda
      - conda: https://conda.anaconda.org/conda-forge/osx-arm64/llvm-openmp-22.1.7-hc7d1edf_0.conda
      - conda: https://conda.anaconda.org/conda-forge/osx-arm64/ncurses-6.6-h1d4f5a5_0.conda
      - conda: https://conda.anaconda.org/conda-forge/osx-arm64/openssl-3.6.3-hd24854e_0.conda
      - conda: https://conda.anaconda.org/conda-forge/osx-arm64/perl-5.32.1-7_h4614cfb_perl5.conda
      - conda: https://conda.anaconda.org/conda-forge/osx-arm64/zstd-1.5.7-hbf9d68e_6.conda
packages:
- conda: https://conda.anaconda.org/bioconda/linux-64/bcftools-1.23.1-hb2cee57_0.conda
  sha256: 7a1727a4c13a30437d6dabe9aa821d0d5fd0e4a49233cc82e8b10977ceb7efb7
  md5: 7fa25d1694f3a94ebb2c71dfc265f792
  depends:
  - gsl >=2.7,<2.8.0a0
  - htslib >=1.23,<1.24.0a0
  - libgcc >=14
  - libzlib >=1.3.1,<2.0a0
  - perl
  license: GPL
  size: 949179
  timestamp: 1773854848816
- conda: https://conda.anaconda.org/bioconda/linux-64/htslib-1.23.1-h633afcb_0.conda
  sha256: d0977efb1885c9f00ca76ee13e7c0f9a8936bf271eec25ffa78606cd816a13c9
  md5: 209caa9e4ff0b9ed02dd09c3161917e5
  depends:
  - bzip2 >=1.0.8,<2.0a0
  - libcurl >=8.19.0,<9.0a0
  - libdeflate >=1.25,<1.26.0a0
  - libgcc >=14
  - liblzma >=5.8.2,<6.0a0
  - libzlib >=1.3.1,<2.0a0
  - openssl >=3.5.5,<4.0a0
  license: MIT
  license_family: MIT
  size: 1195461
  timestamp: 1773854995668
- conda: https://conda.anaconda.org/bioconda/linux-64/samtools-1.23.1-ha83d96e_0.conda
  sha256: 2cb721907a2df7c54580298d655ae7587dbed593bd5536fa8ef4a22c9ae2a496
  md5: 89624fbd17c069abcbc8b19b96d497a0
  depends:
  - htslib >=1.23.1,<1.24.0a0
  - libgcc >=14
  - libzlib >=1.3.1,<2.0a0
  - ncurses >=6.5,<7.0a0
  license: MIT
  size: 489995
  timestamp: 1773861794171
- conda: https://conda.anaconda.org/bioconda/osx-arm64/bcftools-1.23.1-h0ba0a6f_0.conda
  sha256: d772bd7b3aa606e139cea9e00965139a4f33d88bc239dbc8ce2966a8244326d2
  md5: cdb49931ba87bd1180bfe97dccef26c7
  depends:
  - gsl >=2.7,<2.8.0a0
  - htslib >=1.23,<1.24.0a0
  - libzlib >=1.3.1,<2.0a0
  - perl
  license: GPL
  size: 811751
  timestamp: 1773854524465
- conda: https://conda.anaconda.org/bioconda/osx-arm64/htslib-1.23.1-h44a9eb5_0.conda
  sha256: 630d7f903d6212fa107a3876e52ed895ca5dbda3098b8577886c40057d8564a5
  md5: 767616e86a18eba3cf51efbfd06e5734
  depends:
  - bzip2 >=1.0.8,<2.0a0
  - libcurl >=8.19.0,<9.0a0
  - libdeflate >=1.25,<1.26.0a0
  - liblzma >=5.8.2,<6.0a0
  - libzlib >=1.3.1,<2.0a0
  license: MIT
  license_family: MIT
  size: 992943
  timestamp: 1773854821372
- conda: https://conda.anaconda.org/bioconda/osx-arm64/samtools-1.23.1-hc612e98_0.conda
  sha256: f5658dba11d98101f8c3e52de87fce4c28da12aeaf80e3c7d9f5727bef29ab4d
  md5: 91112ce67a49fe4a636be59656dbc9ec
  depends:
  - htslib >=1.23.1,<1.24.0a0
  - libzlib >=1.3.1,<2.0a0
  - ncurses >=6.5,<7.0a0
  license: MIT
  size: 447384
  timestamp: 1773861469209
- conda: https://conda.anaconda.org/conda-forge/linux-64/_openmp_mutex-4.5-20_gnu.conda
  build_number: 20
  sha256: 1dd3fffd892081df9726d7eb7e0dea6198962ba775bd88842135a4ddb4deb3c9
  md5: a9f577daf3de00bca7c3c76c0ecbd1de
  depends:
  - __glibc >=2.17,<3.0.a0
  - libgomp >=7.5.0
  constrains:
  - openmp_impl <0.0a0
  license: BSD-3-Clause
  license_family: BSD
  run_exports:
    strong:
    - _openmp_mutex >=4.5
  size: 28948
  timestamp: 1770939786096
- conda: https://conda.anaconda.org/conda-forge/linux-64/bzip2-1.0.8-hda65f42_9.conda
  sha256: 0b75d45f0bba3e95dc693336fa51f40ea28c980131fec438afb7ce6118ed05f6
  md5: d2ffd7602c02f2b316fd921d39876885
  depends:
  - __glibc >=2.17,<3.0.a0
  - libgcc >=14
  license: bzip2-1.0.6
  license_family: BSD
  run_exports:
    weak:
    - bzip2 >=1.0.8,<2.0a0
  size: 260182
  timestamp: 1771350215188
- conda: https://conda.anaconda.org/conda-forge/linux-64/c-ares-1.34.6-hb03c661_0.conda
  sha256: cc9accf72fa028d31c2a038460787751127317dcfa991f8d1f1babf216bb454e
  md5: 920bb03579f15389b9e512095ad995b7
  depends:
  - __glibc >=2.17,<3.0.a0
  - libgcc >=14
  license: MIT
  license_family: MIT
  run_exports:
    weak:
    - c-ares >=1.34.6,<2.0a0
  size: 207882
  timestamp: 1765214722852
- conda: https://conda.anaconda.org/conda-forge/linux-64/gsl-2.7-he838d99_0.tar.bz2
  sha256: 132a918b676dd1f533d7c6f95e567abf7081a6ea3251c3280de35ef600e0da87
  md5: fec079ba39c9cca093bf4c00001825de
  depends:
  - libblas >=3.8.0,<4.0a0
  - libcblas >=3.8.0,<4.0a0
  - libgcc-ng >=9.3.0
  license: GPL-3.0-or-later
  license_family: GPL
  run_exports:
    weak:
    - gsl >=2.7,<2.8.0a0
  size: 3376423
  timestamp: 1626369596591
- conda: https://conda.anaconda.org/conda-forge/linux-64/keyutils-1.6.3-hb9d3cd8_0.conda
  sha256: 0960d06048a7185d3542d850986d807c6e37ca2e644342dd0c72feefcf26c2a4
  md5: b38117a3c920364aff79f870c984b4a3
  depends:
  - __glibc >=2.17,<3.0.a0
  - libgcc >=13
  license: LGPL-2.1-or-later
  run_exports:
    weak:
    - keyutils >=1.6.3,<2.0a0
  size: 134088
  timestamp: 1754905959823
- conda: https://conda.anaconda.org/conda-forge/linux-64/krb5-1.22.2-ha1258a1_0.conda
  sha256: 3e307628ca3527448dd1cb14ad7bb9d04d1d28c7d4c5f97ba196ae984571dd25
  md5: fb53fb07ce46a575c5d004bbc96032c2
  depends:
  - __glibc >=2.17,<3.0.a0
  - keyutils >=1.6.3,<2.0a0
  - libedit >=3.1.20250104,<3.2.0a0
  - libedit >=3.1.20250104,<4.0a0
  - libgcc >=14
  - libstdcxx >=14
  - openssl >=3.5.5,<4.0a0
  license: MIT
  license_family: MIT
  run_exports:
    weak:
    - krb5 >=1.22.2,<1.23.0a0
  size: 1386730
  timestamp: 1769769569681
- conda: https://conda.anaconda.org/conda-forge/linux-64/libblas-3.11.0-8_h4a7cf45_openblas.conda
  build_number: 8
  sha256: b2da6bfd72a1c9cb143ccf64bf5b28790cb4eb58bd1cb978f6537b2322f7d48b
  md5: 00fc660ab1b2f5ca07e92b4900d10c79
  depends:
  - libopenblas >=0.3.33,<0.3.34.0a0
  - libopenblas >=0.3.33,<1.0a0
  constrains:
  - blas 2.308   openblas
  - mkl <2027
  - libcblas   3.11.0   8*_openblas
  - liblapack  3.11.0   8*_openblas
  - liblapacke 3.11.0   8*_openblas
  license: BSD-3-Clause
  license_family: BSD
  run_exports:
    weak:
    - libblas >=3.11.0,<4.0a0
  size: 18804
  timestamp: 1779859100675
- conda: https://conda.anaconda.org/conda-forge/linux-64/libcblas-3.11.0-8_h0358290_openblas.conda
  build_number: 8
  sha256: 1a2bc77bb26520255904a3d9b1f40e6bf0bf9d8d3405c7709dd162282820915a
  md5: 33a413f1095f8325e5c30fde3b0d2445
  depends:
  - libblas 3.11.0 8_h4a7cf45_openblas
  constrains:
  - blas 2.308   openblas
  - liblapacke 3.11.0   8*_openblas
  - liblapack  3.11.0   8*_openblas
  license: BSD-3-Clause
  license_family: BSD
  run_exports:
    weak:
    - libcblas >=3.11.0,<4.0a0
  size: 18778
  timestamp: 1779859107964
- conda: https://conda.anaconda.org/conda-forge/linux-64/libcurl-8.20.0-hcf29cc6_0.conda
  sha256: 75963a5dd913311f59a35dbd307592f4fa754c4808aff9c33edb430c415e38eb
  md5: c3cc2864f82a944bc90a7beb4d3b0e88
  depends:
  - __glibc >=2.17,<3.0.a0
  - krb5 >=1.22.2,<1.23.0a0
  - libgcc >=14
  - libnghttp2 >=1.68.1,<2.0a0
  - libssh2 >=1.11.1,<2.0a0
  - libzlib >=1.3.2,<2.0a0
  - openssl >=3.5.6,<4.0a0
  - zstd >=1.5.7,<1.6.0a0
  license: curl
  license_family: MIT
  run_exports:
    weak:
    - libcurl >=8.20.0,<9.0a0
  size: 468706
  timestamp: 1777461492876
- conda: https://conda.anaconda.org/conda-forge/linux-64/libdeflate-1.25-h17f619e_0.conda
  sha256: aa8e8c4be9a2e81610ddf574e05b64ee131fab5e0e3693210c9d6d2fba32c680
  md5: 6c77a605a7a689d17d4819c0f8ac9a00
  depends:
  - __glibc >=2.17,<3.0.a0
  - libgcc >=14
  license: MIT
  license_family: MIT
  run_exports:
    weak:
    - libdeflate >=1.25,<1.26.0a0
  size: 73490
  timestamp: 1761979956660
- conda: https://conda.anaconda.org/conda-forge/linux-64/libedit-3.1.20250104-pl5321h7949ede_0.conda
  sha256: d789471216e7aba3c184cd054ed61ce3f6dac6f87a50ec69291b9297f8c18724
  md5: c277e0a4d549b03ac1e9d6cbbe3d017b
  depends:
  - ncurses
  - __glibc >=2.17,<3.0.a0
  - libgcc >=13
  - ncurses >=6.5,<7.0a0
  license: BSD-2-Clause
  license_family: BSD
  run_exports:
    weak:
    - libedit >=3.1.20250104,<3.2.0a0
  size: 134676
  timestamp: 1738479519902
- conda: https://conda.anaconda.org/conda-forge/linux-64/libev-4.33-hd590300_2.conda
  sha256: 1cd6048169fa0395af74ed5d8f1716e22c19a81a8a36f934c110ca3ad4dd27b4
  md5: 172bf1cd1ff8629f2b1179945ed45055
  depends:
  - libgcc-ng >=12
  license: BSD-2-Clause
  license_family: BSD
  run_exports:
    weak:
    - libev >=4.33,<4.34.0a0
  size: 112766
  timestamp: 1702146165126
- conda: https://conda.anaconda.org/conda-forge/linux-64/libgcc-15.2.0-he0feb66_19.conda
  sha256: 8e0a3b5e41272e5678499b5dfc4cddb673f9e935de01eb0767ce857001229f46
  md5: 57736f29cc2b0ec0b6c2952d3f101b6a
  depends:
  - __glibc >=2.17,<3.0.a0
  - _openmp_mutex >=4.5
  constrains:
  - libgcc-ng ==15.2.0=*_19
  - libgomp 15.2.0 he0feb66_19
  license: GPL-3.0-only WITH GCC-exception-3.1
  license_family: GPL
  run_exports: {}
  size: 1041084
  timestamp: 1778269013026
- conda: https://conda.anaconda.org/conda-forge/linux-64/libgcc-ng-15.2.0-h69a702a_19.conda
  sha256: 9dcf54adfaa5e861123c2da4f2f0451a685464ea7e5a41ad91cf67b31d658d98
  md5: 331ee9b72b9dff570d56b1302c5ab37d
  depends:
  - libgcc 15.2.0 he0feb66_19
  license: GPL-3.0-only WITH GCC-exception-3.1
  license_family: GPL
  run_exports:
    strong:
    - libgcc
  size: 27694
  timestamp: 1778269016987
- conda: https://conda.anaconda.org/conda-forge/linux-64/libgfortran-15.2.0-h69a702a_19.conda
  sha256: 561a42758ef25b9ce308c4e2cf56daee4f06138385a17e29a492cd928e00be6f
  md5: 42bf7eca1a951735fa06c0e3c0d5c8e6
  depends:
  - libgfortran5 15.2.0 h68bc16d_19
  constrains:
  - libgfortran-ng ==15.2.0=*_19
  license: GPL-3.0-only WITH GCC-exception-3.1
  license_family: GPL
  run_exports: {}
  size: 27655
  timestamp: 1778269042954
- conda: https://conda.anaconda.org/conda-forge/linux-64/libgfortran5-15.2.0-h68bc16d_19.conda
  sha256: 057978bb69fea29ed715a9b98adf71015c31baecc4aeb2bfc20d4fd5d83579d4
  md5: 85072b0ad177c966294f129b7c04a2d5
  depends:
  - __glibc >=2.17,<3.0.a0
  - libgcc >=15.2.0
  constrains:
  - libgfortran 15.2.0
  license: GPL-3.0-only WITH GCC-exception-3.1
  license_family: GPL
  run_exports: {}
  size: 2483673
  timestamp: 1778269025089
- conda: https://conda.anaconda.org/conda-forge/linux-64/libgomp-15.2.0-he0feb66_19.conda
  sha256: 5abe4ab9d93f6c9757d654f1969ae2267d4505315c1f2f8fe705fd60af084f1b
  md5: faac990cb7aedc7f3a2224f2c9b0c26c
  depends:
  - __glibc >=2.17,<3.0.a0
  license: GPL-3.0-only WITH GCC-exception-3.1
  license_family: GPL
  run_exports:
    strong:
    - _openmp_mutex >=4.5
  size: 603817
  timestamp: 1778268942614
- conda: https://conda.anaconda.org/conda-forge/linux-64/liblzma-5.8.3-hb03c661_0.conda
  sha256: ec30e52a3c1bf7d0425380a189d209a52baa03f22fb66dd3eb587acaa765bd6d
  md5: b88d90cad08e6bc8ad540cb310a761fb
  depends:
  - __glibc >=2.17,<3.0.a0
  - libgcc >=14
  constrains:
  - xz 5.8.3.*
  license: 0BSD
  run_exports:
    weak:
    - liblzma >=5.8.3,<6.0a0
  size: 113478
  timestamp: 1775825492909
- conda: https://conda.anaconda.org/conda-forge/linux-64/libnghttp2-1.68.1-h877daf1_0.conda
  sha256: 663444d77a42f2265f54fb8b48c5450bfff4388d9c0f8253dd7855f0d993153f
  md5: 2a45e7f8af083626f009645a6481f12d
  depends:
  - __glibc >=2.17,<3.0.a0
  - c-ares >=1.34.6,<2.0a0
  - libev >=4.33,<4.34.0a0
  - libev >=4.33,<5.0a0
  - libgcc >=14
  - libstdcxx >=14
  - libzlib >=1.3.1,<2.0a0
  - openssl >=3.5.5,<4.0a0
  license: MIT
  license_family: MIT
  run_exports:
    weak:
    - libnghttp2 >=1.68.1,<2.0a0
  size: 663344
  timestamp: 1773854035739
- conda: https://conda.anaconda.org/conda-forge/linux-64/libopenblas-0.3.33-pthreads_h94d23a6_0.conda
  sha256: 3d9aa85648e5e18a6d66db98b8c4317cc426721ad7a220aa86330d1ccedc8903
  md5: 2d3278b721e40468295ca755c3b84070
  depends:
  - __glibc >=2.17,<3.0.a0
  - libgcc >=14
  - libgfortran
  - libgfortran5 >=14.3.0
  constrains:
  - openblas >=0.3.33,<0.3.34.0a0
  license: BSD-3-Clause
  license_family: BSD
  run_exports:
    weak:
    - libopenblas >=0.3.33,<1.0a0
  size: 5931919
  timestamp: 1776993658641
- conda: https://conda.anaconda.org/conda-forge/linux-64/libssh2-1.11.1-hcf80075_0.conda
  sha256: fa39bfd69228a13e553bd24601332b7cfeb30ca11a3ca50bb028108fe90a7661
  md5: eecce068c7e4eddeb169591baac20ac4
  depends:
  - __glibc >=2.17,<3.0.a0
  - libgcc >=13
  - libzlib >=1.3.1,<2.0a0
  - openssl >=3.5.0,<4.0a0
  license: BSD-3-Clause
  license_family: BSD
  run_exports:
    weak:
    - libssh2 >=1.11.1,<2.0a0
  size: 304790
  timestamp: 1745608545575
- conda: https://conda.anaconda.org/conda-forge/linux-64/libstdcxx-15.2.0-h934c35e_19.conda
  sha256: dff1058c76ec6b8759e41cefa2508162d00e4a5e6721aa68ec3fd10094e702dc
  md5: 5794b3bdc38177caf969dabd3af08549
  depends:
  - __glibc >=2.17,<3.0.a0
  - libgcc 15.2.0 he0feb66_19
  constrains:
  - libstdcxx-ng ==15.2.0=*_19
  license: GPL-3.0-only WITH GCC-exception-3.1
  license_family: GPL
  run_exports: {}
  size: 5852044
  timestamp: 1778269036376
- conda: https://conda.anaconda.org/conda-forge/linux-64/libxcrypt-4.4.36-hd590300_1.conda
  sha256: 6ae68e0b86423ef188196fff6207ed0c8195dd84273cb5623b85aa08033a410c
  md5: 5aa797f8787fe7a17d1b0821485b5adc
  depends:
  - libgcc-ng >=12
  license: LGPL-2.1-or-later
  run_exports:
    weak:
    - libxcrypt >=4.4.36
  size: 100393
  timestamp: 1702724383534
- conda: https://conda.anaconda.org/conda-forge/linux-64/libzlib-1.3.2-h25fd6f3_2.conda
  sha256: 55044c403570f0dc26e6364de4dc5368e5f3fc7ff103e867c487e2b5ab2bcda9
  md5: d87ff7921124eccd67248aa483c23fec
  depends:
  - __glibc >=2.17,<3.0.a0
  constrains:
  - zlib 1.3.2 *_2
  license: Zlib
  license_family: Other
  run_exports:
    weak:
    - libzlib >=1.3.2,<2.0a0
  size: 63629
  timestamp: 1774072609062
- conda: https://conda.anaconda.org/conda-forge/linux-64/ncurses-6.6-hdb14827_0.conda
  sha256: fc89f74bbe362fb29fa3c037697a89bec140b346a2469a90f7936d1d7ea4d8a3
  md5: fc21868a1a5aacc937e7a18747acb8a5
  depends:
  - __glibc >=2.17,<3.0.a0
  - libgcc >=14
  license: X11 AND BSD-3-Clause
  run_exports:
    weak:
    - ncurses >=6.6,<7.0a0
  size: 918956
  timestamp: 1777422145199
- conda: https://conda.anaconda.org/conda-forge/linux-64/openssl-3.6.3-h35e630c_0.conda
  sha256: d48f5c22b9897c01e4dff3680f1f57ceb02711ab9c62f74339b080419dfad34b
  md5: 79dd2074b5cd5c5c6b2930514a11e22d
  depends:
  - __glibc >=2.17,<3.0.a0
  - ca-certificates
  - libgcc >=14
  license: Apache-2.0
  license_family: Apache
  run_exports:
    weak:
    - openssl >=3.6.3,<4.0a0
  size: 3159683
  timestamp: 1781069855778
- conda: https://conda.anaconda.org/conda-forge/linux-64/perl-5.32.1-7_hd590300_perl5.conda
  build_number: 7
  sha256: 9ec32b6936b0e37bcb0ed34f22ec3116e75b3c0964f9f50ecea5f58734ed6ce9
  md5: f2cfec9406850991f4e3d960cc9e3321
  depends:
  - libgcc-ng >=12
  - libxcrypt >=4.4.36
  license: GPL-1.0-or-later OR Artistic-1.0-Perl
  run_exports:
    weak:
    - perl >=5.32.1,<5.33.0a0 *_perl5
    noarch:
    - perl >=5.32.1,<6.0a0 *_perl5
  size: 13344463
  timestamp: 1703310653947
- conda: https://conda.anaconda.org/conda-forge/linux-64/zstd-1.5.7-hb78ec9c_6.conda
  sha256: 68f0206ca6e98fea941e5717cec780ed2873ffabc0e1ed34428c061e2c6268c7
  md5: 4a13eeac0b5c8e5b8ab496e6c4ddd829
  depends:
  - __glibc >=2.17,<3.0.a0
  - libzlib >=1.3.1,<2.0a0
  license: BSD-3-Clause
  license_family: BSD
  run_exports:
    weak:
    - zstd >=1.5.7,<1.6.0a0
  size: 601375
  timestamp: 1764777111296
- conda: https://conda.anaconda.org/conda-forge/noarch/ca-certificates-2026.5.20-hbd8a1cb_0.conda
  sha256: 9812a303a1395e1dafbd92e5bc8a1ff6013bcbba0a09c7f03a8d23e43560aa9b
  md5: 489b8e97e666c93f68fdb35c3c9b957f
  depends:
  - __unix
  license: ISC
  run_exports: {}
  size: 129868
  timestamp: 1779289852439
- conda: https://conda.anaconda.org/conda-forge/osx-arm64/_openmp_mutex-4.5-7_kmp_llvm.conda
  build_number: 7
  sha256: 7acaa2e0782cad032bdaf756b536874346ac1375745fb250e9bdd6a48a7ab3cd
  md5: a44032f282e7d2acdeb1c240308052dd
  depends:
  - llvm-openmp >=9.0.1
  license: BSD-3-Clause
  license_family: BSD
  run_exports:
    weak:
    - _openmp_mutex >=4.5
  size: 8325
  timestamp: 1764092507920
- conda: https://conda.anaconda.org/conda-forge/osx-arm64/bzip2-1.0.8-hd037594_9.conda
  sha256: 540fe54be35fac0c17feefbdc3e29725cce05d7367ffedfaaa1bdda234b019df
  md5: 620b85a3f45526a8bc4d23fd78fc22f0
  depends:
  - __osx >=11.0
  license: bzip2-1.0.6
  license_family: BSD
  run_exports:
    weak:
    - bzip2 >=1.0.8,<2.0a0
  size: 124834
  timestamp: 1771350416561
- conda: https://conda.anaconda.org/conda-forge/osx-arm64/c-ares-1.34.6-hc919400_0.conda
  sha256: 2995f2aed4e53725e5efbc28199b46bf311c3cab2648fc4f10c2227d6d5fa196
  md5: bcb3cba70cf1eec964a03b4ba7775f01
  depends:
  - __osx >=11.0
  license: MIT
  license_family: MIT
  run_exports:
    weak:
    - c-ares >=1.34.6,<2.0a0
  size: 180327
  timestamp: 1765215064054
- conda: https://conda.anaconda.org/conda-forge/osx-arm64/gsl-2.7-h6e638da_0.tar.bz2
  sha256: 979c2976adcfc70be997abeab2ed8395f9ac2b836bdcd25ed5d2efbf1fed226b
  md5: 2a2126a940e033e7225a5dc7215eea9a
  depends:
  - libblas >=3.9.0,<4.0a0
  - libcblas >=3.9.0,<4.0a0
  license: GPL-3.0-or-later
  license_family: GPL
  run_exports:
    weak:
    - gsl >=2.7,<2.8.0a0
  size: 2734398
  timestamp: 1626369562748
- conda: https://conda.anaconda.org/conda-forge/osx-arm64/krb5-1.22.2-h385eeb1_0.conda
  sha256: c0a0bf028fe7f3defcdcaa464e536cf1b202d07451e18ad83fdd169d15bef6ed
  md5: e446e1822f4da8e5080a9de93474184d
  depends:
  - __osx >=11.0
  - libcxx >=19
  - libedit >=3.1.20250104,<3.2.0a0
  - libedit >=3.1.20250104,<4.0a0
  - openssl >=3.5.5,<4.0a0
  license: MIT
  license_family: MIT
  run_exports:
    weak:
    - krb5 >=1.22.2,<1.23.0a0
  size: 1160828
  timestamp: 1769770119811
- conda: https://conda.anaconda.org/conda-forge/osx-arm64/libblas-3.11.0-8_h51639a9_openblas.conda
  build_number: 8
  sha256: 8f5ec18ead0619a9cf0f38b49796c22f6fc0f44850c0df2baea0f5277db16e75
  md5: dbfe729181a32741ae63ecb41eefbac6
  depends:
  - libopenblas >=0.3.33,<0.3.34.0a0
  - libopenblas >=0.3.33,<1.0a0
  constrains:
  - blas 2.308   openblas
  - liblapack  3.11.0   8*_openblas
  - liblapacke 3.11.0   8*_openblas
  - libcblas   3.11.0   8*_openblas
  - mkl <2027
  license: BSD-3-Clause
  license_family: BSD
  run_exports:
    weak:
    - libblas >=3.11.0,<4.0a0
  size: 18949
  timestamp: 1779859141315
- conda: https://conda.anaconda.org/conda-forge/osx-arm64/libcblas-3.11.0-8_hb0561ab_openblas.conda
  build_number: 8
  sha256: f93efcd44bc24f97c2478c7474d3baa6801a057974f330e1d06bedc33e4c778f
  md5: 03a2ef3491da9e5b4d18c03e9f4b3109
  depends:
  - libblas 3.11.0 8_h51639a9_openblas
  constrains:
  - blas 2.308   openblas
  - liblapack  3.11.0   8*_openblas
  - liblapacke 3.11.0   8*_openblas
  license: BSD-3-Clause
  license_family: BSD
  run_exports:
    weak:
    - libcblas >=3.11.0,<4.0a0
  size: 18911
  timestamp: 1779859147634
- conda: https://conda.anaconda.org/conda-forge/osx-arm64/libcurl-8.20.0-hd5a2499_0.conda
  sha256: 38c0bc634b61e542776e97cfd15d5d41edd304d4e47c333004d2d622439b2381
  md5: 2f57b7d0c6adda88957586b7afd78438
  depends:
  - __osx >=11.0
  - krb5 >=1.22.2,<1.23.0a0
  - libnghttp2 >=1.68.1,<2.0a0
  - libssh2 >=1.11.1,<2.0a0
  - libzlib >=1.3.2,<2.0a0
  - openssl >=3.5.6,<4.0a0
  - zstd >=1.5.7,<1.6.0a0
  license: curl
  license_family: MIT
  run_exports:
    weak:
    - libcurl >=8.20.0,<9.0a0
  size: 400568
  timestamp: 1777462251987
- conda: https://conda.anaconda.org/conda-forge/osx-arm64/libcxx-22.1.7-h55c6f16_0.conda
  sha256: cceb668dc1b71f054b1036dd83eca2e02c0c3a4b2ba3ad28c74a982d819597a3
  md5: 0325fbe13eb6dd39234eb305ac1b3cb8
  depends:
  - __osx >=11.0
  license: Apache-2.0 WITH LLVM-exception
  license_family: Apache
  run_exports: {}
  size: 568252
  timestamp: 1780441702930
- conda: https://conda.anaconda.org/conda-forge/osx-arm64/libdeflate-1.25-hc11a715_0.conda
  sha256: 5e0b6961be3304a5f027a8c00bd0967fc46ae162cffb7553ff45c70f51b8314c
  md5: a6130c709305cd9828b4e1bd9ba0000c
  depends:
  - __osx >=11.0
  license: MIT
  license_family: MIT
  run_exports:
    weak:
    - libdeflate >=1.25,<1.26.0a0
  size: 55420
  timestamp: 1761980066242
- conda: https://conda.anaconda.org/conda-forge/osx-arm64/libedit-3.1.20250104-pl5321hafb1f1b_0.conda
  sha256: 66aa216a403de0bb0c1340a88d1a06adaff66bae2cfd196731aa24db9859d631
  md5: 44083d2d2c2025afca315c7a172eab2b
  depends:
  - ncurses
  - __osx >=11.0
  - ncurses >=6.5,<7.0a0
  license: BSD-2-Clause
  license_family: BSD
  run_exports:
    weak:
    - libedit >=3.1.20250104,<3.2.0a0
  size: 107691
  timestamp: 1738479560845
- conda: https://conda.anaconda.org/conda-forge/osx-arm64/libev-4.33-h93a5062_2.conda
  sha256: 95cecb3902fbe0399c3a7e67a5bed1db813e5ab0e22f4023a5e0f722f2cc214f
  md5: 36d33e440c31857372a72137f78bacf5
  license: BSD-2-Clause
  license_family: BSD
  run_exports:
    weak:
    - libev >=4.33,<4.34.0a0
  size: 107458
  timestamp: 1702146414478
- conda: https://conda.anaconda.org/conda-forge/osx-arm64/libgcc-15.2.0-hcbb3090_19.conda
  sha256: 06644fa4d34d57c9e48f4d84b1256f9e5f654fdb37f43acc8a58a396952d42b7
  md5: 644058123986582db33aebd4ae2ca184
  depends:
  - _openmp_mutex
  constrains:
  - libgcc-ng ==15.2.0=*_19
  - libgomp 15.2.0 19
  license: GPL-3.0-only WITH GCC-exception-3.1
  license_family: GPL
  run_exports: {}
  size: 404080
  timestamp: 1778273064154
- conda: https://conda.anaconda.org/conda-forge/osx-arm64/libgfortran-15.2.0-h07b0088_19.conda
  sha256: d4837b3b9b30af3132d260225e91ab9dde83be04c59513f500cc81050fb37486
  md5: 1ea03f87cdb1078fbc0e2b2deb63752c
  depends:
  - libgfortran5 15.2.0 hdae7583_19
  constrains:
  - libgfortran-ng ==15.2.0=*_19
  license: GPL-3.0-only WITH GCC-exception-3.1
  license_family: GPL
  run_exports: {}
  size: 139675
  timestamp: 1778273280875
- conda: https://conda.anaconda.org/conda-forge/osx-arm64/libgfortran5-15.2.0-hdae7583_19.conda
  sha256: d0a68b7a121d115b80c169e24d1265dcc25a3fe58d107df1bbc430797e226d88
  md5: ba36d8c606a6a53fe0b8c12d47267b3d
  depends:
  - libgcc >=15.2.0
  constrains:
  - libgfortran 15.2.0
  license: GPL-3.0-only WITH GCC-exception-3.1
  license_family: GPL
  run_exports: {}
  size: 599691
  timestamp: 1778273075448
- conda: https://conda.anaconda.org/conda-forge/osx-arm64/liblzma-5.8.3-h8088a28_0.conda
  sha256: 34878d87275c298f1a732c6806349125cebbf340d24c6c23727268184bba051e
  md5: b1fd823b5ae54fbec272cea0811bd8a9
  depends:
  - __osx >=11.0
  constrains:
  - xz 5.8.3.*
  license: 0BSD
  run_exports:
    weak:
    - liblzma >=5.8.3,<6.0a0
  size: 92472
  timestamp: 1775825802659
- conda: https://conda.anaconda.org/conda-forge/osx-arm64/libnghttp2-1.68.1-h8f3e76b_0.conda
  sha256: 2bc7bc3978066f2c274ebcbf711850cc9ab92e023e433b9631958a098d11e10a
  md5: 6ea18834adbc3b33df9bd9fb45eaf95b
  depends:
  - __osx >=11.0
  - c-ares >=1.34.6,<2.0a0
  - libcxx >=19
  - libev >=4.33,<4.34.0a0
  - libev >=4.33,<5.0a0
  - libzlib >=1.3.1,<2.0a0
  - openssl >=3.5.5,<4.0a0
  license: MIT
  license_family: MIT
  run_exports:
    weak:
    - libnghttp2 >=1.68.1,<2.0a0
  size: 576526
  timestamp: 1773854624224
- conda: https://conda.anaconda.org/conda-forge/osx-arm64/libopenblas-0.3.33-openmp_he657e61_0.conda
  sha256: 9dd455b2d172aeedfa2058d324b5b5822b0bc1b7c1f32cd183d7078540d2f6eb
  md5: 909e41855c29f0d52ae630198cd57135
  depends:
  - __osx >=11.0
  - libgfortran
  - libgfortran5 >=14.3.0
  - llvm-openmp >=19.1.7
  constrains:
  - openblas >=0.3.33,<0.3.34.0a0
  license: BSD-3-Clause
  license_family: BSD
  run_exports:
    weak:
    - libopenblas >=0.3.33,<1.0a0
  size: 4304965
  timestamp: 1776995497368
- conda: https://conda.anaconda.org/conda-forge/osx-arm64/libssh2-1.11.1-h1590b86_0.conda
  sha256: 8bfe837221390ffc6f111ecca24fa12d4a6325da0c8d131333d63d6c37f27e0a
  md5: b68e8f66b94b44aaa8de4583d3d4cc40
  depends:
  - libzlib >=1.3.1,<2.0a0
  - openssl >=3.5.0,<4.0a0
  license: BSD-3-Clause
  license_family: BSD
  run_exports:
    weak:
    - libssh2 >=1.11.1,<2.0a0
  size: 279193
  timestamp: 1745608793272
- conda: https://conda.anaconda.org/conda-forge/osx-arm64/libzlib-1.3.2-h8088a28_2.conda
  sha256: 361415a698514b19a852f5d1123c5da746d4642139904156ddfca7c922d23a05
  md5: bc5a5721b6439f2f62a84f2548136082
  depends:
  - __osx >=11.0
  constrains:
  - zlib 1.3.2 *_2
  license: Zlib
  license_family: Other
  run_exports:
    weak:
    - libzlib >=1.3.2,<2.0a0
  size: 47759
  timestamp: 1774072956767
- conda: https://conda.anaconda.org/conda-forge/osx-arm64/llvm-openmp-22.1.7-hc7d1edf_0.conda
  sha256: 6bf27376f11198c01a88a1c8234470f45bce0aa7502b7e7988ef03ef5db3a890
  md5: 7c6a5897a8bc5b6d509a4ee9dec7fcc8
  depends:
  - __osx >=11.0
  constrains:
  - openmp 22.1.7|22.1.7.*
  - intel-openmp <0.0a0
  license: Apache-2.0 WITH LLVM-exception
  license_family: APACHE
  run_exports:
    strong:
    - llvm-openmp >=22.1.7
  size: 285162
  timestamp: 1780455637760
- conda: https://conda.anaconda.org/conda-forge/osx-arm64/ncurses-6.6-h1d4f5a5_0.conda
  sha256: 4ea6c620b87bd1d42bb2ccc2c87cd2483fa2d7f9e905b14c223f11ff3f4c455d
  md5: 343d10ed5b44030a2f67193905aea159
  depends:
  - __osx >=11.0
  license: X11 AND BSD-3-Clause
  run_exports:
    weak:
    - ncurses >=6.6,<7.0a0
  size: 805509
  timestamp: 1777423252320
- conda: https://conda.anaconda.org/conda-forge/osx-arm64/openssl-3.6.3-hd24854e_0.conda
  sha256: b3e3ca895c336d4eb91c5d2f244a312bdb59a0de8cfa0cc4c179225ab2f6bbfb
  md5: 8187a86242741725bfa74785fe812979
  depends:
  - __osx >=11.0
  - ca-certificates
  license: Apache-2.0
  license_family: Apache
  run_exports:
    weak:
    - openssl >=3.6.3,<4.0a0
  size: 3102584
  timestamp: 1781069820667
- conda: https://conda.anaconda.org/conda-forge/osx-arm64/perl-5.32.1-7_h4614cfb_perl5.conda
  build_number: 7
  sha256: b0c55040d2994fd6bf2f83786561d92f72306d982d6ea12889acad24a9bf43b8
  md5: ba3cbe93f99e896765422cc5f7c3a79e
  license: GPL-1.0-or-later OR Artistic-1.0-Perl
  run_exports:
    weak:
    - perl >=5.32.1,<5.33.0a0 *_perl5
    noarch:
    - perl >=5.32.1,<6.0a0 *_perl5
  size: 14439531
  timestamp: 1703311335652
- conda: https://conda.anaconda.org/conda-forge/osx-arm64/zstd-1.5.7-hbf9d68e_6.conda
  sha256: 9485ba49e8f47d2b597dd399e88f4802e100851b27c21d7525625b0b4025a5d9
  md5: ab136e4c34e97f34fb621d2592a393d8
  depends:
  - __osx >=11.0
  - libzlib >=1.3.1,<2.0a0
  license: BSD-3-Clause
  license_family: BSD
  run_exports:
    weak:
    - zstd >=1.5.7,<1.6.0a0
  size: 433413
  timestamp: 1764777166076
